{
  "name": "@oksana-medvedeva/ajs-node",
  "version": "1.0.0",
  "lockfileVersion": 1,
  "requires": true,
  "dependencies": {
    "@oksana-medvedeva/ajs": {
      "version": "1.0.0",
      "resolved": "https://npm.pkg.github.com/download/@oksana-medvedeva/ajs/1.0.0/cdb031b88ff4b1249f4e8d97d36c4aef342db8a007e06d1c25c5cee72aba79c0",
      "integrity": "sha512-WF4JmDNFCDfWqyziduKHyqw6bhLcnCIu63VbmGC122dLMn9lh9v3LQ0uempMnbH6QQjh56NJFeuMKpAhawWspw=="
    }
  }
}
